// !$*UTF8*$!
{
	archiveVersion = 1;
	classes = {
	};
	objectVersion = 51;
	objects = {

/* Begin PBXBuildFile section */
		0781141A6A825356B61DC018 /* Pods_crypto_chat.framework in Frameworks */ = {isa = PBXBuildFile; fileRef = B27DD069B7C70D0AAAB9A897 /* Pods_crypto_chat.framework */; };
		522558582408182E00357C09 /* SignUp2ViewController.swift in Sources */ = {isa = PBXBuildFile; fileRef = 522558572408182E00357C09 /* SignUp2ViewController.swift */; };
		5225585A24082A6B00357C09 /* SignUpHelper.swift in Sources */ = {isa = PBXBuildFile; fileRef = 5225585924082A6B00357C09 /* SignUpHelper.swift */; };
		5225585C24082C9E00357C09 /* KeywordCell.swift in Sources */ = {isa = PBXBuildFile; fileRef = 5225585B24082C9E00357C09 /* KeywordCell.swift */; };
		5225A4D323F2B3DC00EB677B /* ChatCell.swift in Sources */ = {isa = PBXBuildFile; fileRef = 5225A4D223F2B3DC00EB677B /* ChatCell.swift */; };
		5225A4D523F2B53E00EB677B /* Chat.swift in Sources */ = {isa = PBXBuildFile; fileRef = 5225A4D423F2B53E00EB677B /* Chat.swift */; };
		5225A4D723F2EBC800EB677B /* TableViewCell.ext.swift in Sources */ = {isa = PBXBuildFile; fileRef = 5225A4D623F2EBC800EB677B /* TableViewCell.ext.swift */; };
		5228DE8E23E9BC6A00D4F08B /* AppDelegate.swift in Sources */ = {isa = PBXBuildFile; fileRef = 5228DE8D23E9BC6A00D4F08B /* AppDelegate.swift */; };
		5228DE9023E9BC6A00D4F08B /* SceneDelegate.swift in Sources */ = {isa = PBXBuildFile; fileRef = 5228DE8F23E9BC6A00D4F08B /* SceneDelegate.swift */; };
		5228DE9523E9BC6A00D4F08B /* Main.storyboard in Resources */ = {isa = PBXBuildFile; fileRef = 5228DE9323E9BC6A00D4F08B /* Main.storyboard */; };
		5228DE9723E9BC6C00D4F08B /* Assets.xcassets in Resources */ = {isa = PBXBuildFile; fileRef = 5228DE9623E9BC6C00D4F08B /* Assets.xcassets */; };
		5228DE9A23E9BC6C00D4F08B /* LaunchScreen.storyboard in Resources */ = {isa = PBXBuildFile; fileRef = 5228DE9823E9BC6C00D4F08B /* LaunchScreen.storyboard */; };
		5228DEA523E9BC6C00D4F08B /* crypto_chatTests.swift in Sources */ = {isa = PBXBuildFile; fileRef = 5228DEA423E9BC6C00D4F08B /* crypto_chatTests.swift */; };
		5228DEB023E9BC6C00D4F08B /* crypto_chatUITests.swift in Sources */ = {isa = PBXBuildFile; fileRef = 5228DEAF23E9BC6C00D4F08B /* crypto_chatUITests.swift */; };
		5228DEC023E9C05100D4F08B /* SF-Pro-Text-Regular.otf in Resources */ = {isa = PBXBuildFile; fileRef = 5228DEBE23E9C05100D4F08B /* SF-Pro-Text-Regular.otf */; };
		5228DEC123E9C05100D4F08B /* SF-Pro-Text-Bold.otf in Resources */ = {isa = PBXBuildFile; fileRef = 5228DEBF23E9C05100D4F08B /* SF-Pro-Text-Bold.otf */; };
		5228DEC423E9C1E100D4F08B /* Background.png in Resources */ = {isa = PBXBuildFile; fileRef = 5228DEC323E9C1E100D4F08B /* Background.png */; };
		5228DEC623E9D6AB00D4F08B /* LoginViewController.swift in Sources */ = {isa = PBXBuildFile; fileRef = 5228DEC523E9D6AB00D4F08B /* LoginViewController.swift */; };
		5228DECB23E9DB1700D4F08B /* UIView.ext.swift in Sources */ = {isa = PBXBuildFile; fileRef = 5228DECA23E9DB1700D4F08B /* UIView.ext.swift */; };
		5228DECD23E9E74E00D4F08B /* InputBox.swift in Sources */ = {isa = PBXBuildFile; fileRef = 5228DECC23E9E74E00D4F08B /* InputBox.swift */; };
		5228DECF23E9F83200D4F08B /* MyButton.swift in Sources */ = {isa = PBXBuildFile; fileRef = 5228DECE23E9F83200D4F08B /* MyButton.swift */; };
		5248085923F5CE6700700620 /* MessageLeftCell.swift in Sources */ = {isa = PBXBuildFile; fileRef = 5248085823F5CE6700700620 /* MessageLeftCell.swift */; };
		525691DC23EB237100DB09D9 /* Localizable.strings in Resources */ = {isa = PBXBuildFile; fileRef = 525691DE23EB237100DB09D9 /* Localizable.strings */; };
		525691E123EB360700DB09D9 /* ChatViewController.swift in Sources */ = {isa = PBXBuildFile; fileRef = 525691E023EB360700DB09D9 /* ChatViewController.swift */; };
		525691E323EB443000DB09D9 /* Utils.swift in Sources */ = {isa = PBXBuildFile; fileRef = 525691E223EB443000DB09D9 /* Utils.swift */; };
		52731C6023ECA6E2009A6C2A /* UIViewController.swift in Sources */ = {isa = PBXBuildFile; fileRef = 52731C5F23ECA6E2009A6C2A /* UIViewController.swift */; };
		529180C923F59C7100BD6751 /* UILabel.ext.swift in Sources */ = {isa = PBXBuildFile; fileRef = 529180C823F59C7100BD6751 /* UILabel.ext.swift */; };
		52924352240E7ADA00962773 /* SignUp2Helper.swift in Sources */ = {isa = PBXBuildFile; fileRef = 52924351240E7ADA00962773 /* SignUp2Helper.swift */; };
		529B7C8B2403F75B00C32272 /* ChatTables.swift in Sources */ = {isa = PBXBuildFile; fileRef = 529B7C8A2403F75B00C32272 /* ChatTables.swift */; };
		529B7C8D2403F7F700C32272 /* SwiftyJSON.framework in Frameworks */ = {isa = PBXBuildFile; fileRef = 529B7C8C2403F7F700C32272 /* SwiftyJSON.framework */; };
		529B7C8E2403F7F700C32272 /* SwiftyJSON.framework in Embed Frameworks */ = {isa = PBXBuildFile; fileRef = 529B7C8C2403F7F700C32272 /* SwiftyJSON.framework */; settings = {ATTRIBUTES = (CodeSignOnCopy, RemoveHeadersOnCopy, ); }; };
		529B7C922404005700C32272 /* ChatHelper.swift in Sources */ = {isa = PBXBuildFile; fileRef = 529B7C912404005700C32272 /* ChatHelper.swift */; };
		529C8D6523FEE419005B6A1C /* Microfutures.swift in Sources */ = {isa = PBXBuildFile; fileRef = 529C8D6423FEE419005B6A1C /* Microfutures.swift */; };
		529C8D6623FEE5D0005B6A1C /* Alamofire.framework in Frameworks */ = {isa = PBXBuildFile; fileRef = 52E94DB823FE98FB00ABD416 /* Alamofire.framework */; };
		529C8D6723FEE5D0005B6A1C /* Alamofire.framework in Embed Frameworks */ = {isa = PBXBuildFile; fileRef = 52E94DB823FE98FB00ABD416 /* Alamofire.framework */; settings = {ATTRIBUTES = (CodeSignOnCopy, RemoveHeadersOnCopy, ); }; };
		529C8D6823FEE5D0005B6A1C /* Starscream.framework in Frameworks */ = {isa = PBXBuildFile; fileRef = 5287030923FEA260004DB7EC /* Starscream.framework */; };
		529C8D6923FEE5D0005B6A1C /* Starscream.framework in Embed Frameworks */ = {isa = PBXBuildFile; fileRef = 5287030923FEA260004DB7EC /* Starscream.framework */; settings = {ATTRIBUTES = (CodeSignOnCopy, RemoveHeadersOnCopy, ); }; };
		52C9C4E7240D5601002B3953 /* UserData.swift in Sources */ = {isa = PBXBuildFile; fileRef = 52C9C4E6240D5601002B3953 /* UserData.swift */; };
		52DA96072407DD920060B432 /* SignUpViewController.swift in Sources */ = {isa = PBXBuildFile; fileRef = 52DA96062407DD920060B432 /* SignUpViewController.swift */; };
		52DB60AA2408516600EF4D46 /* KeywordStyle.swift in Sources */ = {isa = PBXBuildFile; fileRef = 52DB60A92408516600EF4D46 /* KeywordStyle.swift */; };
		52E1EB9F23F46BCD008BA69E /* MessageRightCell.swift in Sources */ = {isa = PBXBuildFile; fileRef = 52E1EB9E23F46BCD008BA69E /* MessageRightCell.swift */; };
		52E1EBA123F473F8008BA69E /* Message.swift in Sources */ = {isa = PBXBuildFile; fileRef = 52E1EBA023F473F8008BA69E /* Message.swift */; };
		52E94DBF23FE9EAA00ABD416 /* SocketIO.framework in Frameworks */ = {isa = PBXBuildFile; fileRef = 52E94DBE23FE9EAA00ABD416 /* SocketIO.framework */; };
		52E94DC023FE9EAA00ABD416 /* SocketIO.framework in Embed Frameworks */ = {isa = PBXBuildFile; fileRef = 52E94DBE23FE9EAA00ABD416 /* SocketIO.framework */; settings = {ATTRIBUTES = (CodeSignOnCopy, RemoveHeadersOnCopy, ); }; };
		52FF99E123FE92C9000758A6 /* Socket.swift in Sources */ = {isa = PBXBuildFile; fileRef = 52FF99E023FE92C9000758A6 /* Socket.swift */; };
/* End PBXBuildFile section */

/* Begin PBXContainerItemProxy section */
		5228DEA123E9BC6C00D4F08B /* PBXContainerItemProxy */ = {
			isa = PBXContainerItemProxy;
			containerPortal = 5228DE8223E9BC6A00D4F08B /* Project object */;
			proxyType = 1;
			remoteGlobalIDString = 5228DE8923E9BC6A00D4F08B;
			remoteInfo = "crypto-chat";
		};
		5228DEAC23E9BC6C00D4F08B /* PBXContainerItemProxy */ = {
			isa = PBXContainerItemProxy;
			containerPortal = 5228DE8223E9BC6A00D4F08B /* Project object */;
			proxyType = 1;
			remoteGlobalIDString = 5228DE8923E9BC6A00D4F08B;
			remoteInfo = "crypto-chat";
		};
/* End PBXContainerItemProxy section */

/* Begin PBXCopyFilesBuildPhase section */
		52E94DBD23FE98FB00ABD416 /* Embed Frameworks */ = {
			isa = PBXCopyFilesBuildPhase;
			buildActionMask = 2147483647;
			dstPath = "";
			dstSubfolderSpec = 10;
			files = (
				529B7C8E2403F7F700C32272 /* SwiftyJSON.framework in Embed Frameworks */,
				52E94DC023FE9EAA00ABD416 /* SocketIO.framework in Embed Frameworks */,
				529C8D6923FEE5D0005B6A1C /* Starscream.framework in Embed Frameworks */,
				529C8D6723FEE5D0005B6A1C /* Alamofire.framework in Embed Frameworks */,
			);
			name = "Embed Frameworks";
			runOnlyForDeploymentPostprocessing = 0;
		};
/* End PBXCopyFilesBuildPhase section */

/* Begin PBXFileReference section */
		522558572408182E00357C09 /* SignUp2ViewController.swift */ = {isa = PBXFileReference; lastKnownFileType = sourcecode.swift; path = SignUp2ViewController.swift; sourceTree = "<group>"; };
		5225585924082A6B00357C09 /* SignUpHelper.swift */ = {isa = PBXFileReference; lastKnownFileType = sourcecode.swift; path = SignUpHelper.swift; sourceTree = "<group>"; };
		5225585B24082C9E00357C09 /* KeywordCell.swift */ = {isa = PBXFileReference; lastKnownFileType = sourcecode.swift; path = KeywordCell.swift; sourceTree = "<group>"; };
		5225A4D123F2ACF500EB677B /* SF-Pro-Text-Semibold.otf */ = {isa = PBXFileReference; lastKnownFileType = file; path = "SF-Pro-Text-Semibold.otf"; sourceTree = "<group>"; };
		5225A4D223F2B3DC00EB677B /* ChatCell.swift */ = {isa = PBXFileReference; lastKnownFileType = sourcecode.swift; name = ChatCell.swift; path = "crypto-chat/Extensions/ChatCell.swift"; sourceTree = SOURCE_ROOT; };
		5225A4D423F2B53E00EB677B /* Chat.swift */ = {isa = PBXFileReference; lastKnownFileType = sourcecode.swift; path = Chat.swift; sourceTree = "<group>"; };
		5225A4D623F2EBC800EB677B /* TableViewCell.ext.swift */ = {isa = PBXFileReference; lastKnownFileType = sourcecode.swift; path = TableViewCell.ext.swift; sourceTree = "<group>"; };
		5228DE8A23E9BC6A00D4F08B /* Crypto Chat.app */ = {isa = PBXFileReference; explicitFileType = wrapper.application; includeInIndex = 0; path = "Crypto Chat.app"; sourceTree = BUILT_PRODUCTS_DIR; };
		5228DE8D23E9BC6A00D4F08B /* AppDelegate.swift */ = {isa = PBXFileReference; lastKnownFileType = sourcecode.swift; path = AppDelegate.swift; sourceTree = "<group>"; };
		5228DE8F23E9BC6A00D4F08B /* SceneDelegate.swift */ = {isa = PBXFileReference; lastKnownFileType = sourcecode.swift; path = SceneDelegate.swift; sourceTree = "<group>"; };
		5228DE9423E9BC6A00D4F08B /* Base */ = {isa = PBXFileReference; lastKnownFileType = file.storyboard; name = Base; path = Base.lproj/Main.storyboard; sourceTree = "<group>"; };
		5228DE9623E9BC6C00D4F08B /* Assets.xcassets */ = {isa = PBXFileReference; lastKnownFileType = folder.assetcatalog; path = Assets.xcassets; sourceTree = "<group>"; };
		5228DE9923E9BC6C00D4F08B /* Base */ = {isa = PBXFileReference; lastKnownFileType = file.storyboard; name = Base; path = Base.lproj/LaunchScreen.storyboard; sourceTree = "<group>"; };
		5228DE9B23E9BC6C00D4F08B /* Info.plist */ = {isa = PBXFileReference; lastKnownFileType = text.plist.xml; path = Info.plist; sourceTree = "<group>"; };
		5228DEA023E9BC6C00D4F08B /* crypto-chatTests.xctest */ = {isa = PBXFileReference; explicitFileType = wrapper.cfbundle; includeInIndex = 0; path = "crypto-chatTests.xctest"; sourceTree = BUILT_PRODUCTS_DIR; };
		5228DEA423E9BC6C00D4F08B /* crypto_chatTests.swift */ = {isa = PBXFileReference; lastKnownFileType = sourcecode.swift; path = crypto_chatTests.swift; sourceTree = "<group>"; };
		5228DEA623E9BC6C00D4F08B /* Info.plist */ = {isa = PBXFileReference; lastKnownFileType = text.plist.xml; path = Info.plist; sourceTree = "<group>"; };
		5228DEAB23E9BC6C00D4F08B /* crypto-chatUITests.xctest */ = {isa = PBXFileReference; explicitFileType = wrapper.cfbundle; includeInIndex = 0; path = "crypto-chatUITests.xctest"; sourceTree = BUILT_PRODUCTS_DIR; };
		5228DEAF23E9BC6C00D4F08B /* crypto_chatUITests.swift */ = {isa = PBXFileReference; lastKnownFileType = sourcecode.swift; path = crypto_chatUITests.swift; sourceTree = "<group>"; };
		5228DEB123E9BC6C00D4F08B /* Info.plist */ = {isa = PBXFileReference; lastKnownFileType = text.plist.xml; path = Info.plist; sourceTree = "<group>"; };
		5228DEBE23E9C05100D4F08B /* SF-Pro-Text-Regular.otf */ = {isa = PBXFileReference; lastKnownFileType = file; path = "SF-Pro-Text-Regular.otf"; sourceTree = "<group>"; };
		5228DEBF23E9C05100D4F08B /* SF-Pro-Text-Bold.otf */ = {isa = PBXFileReference; lastKnownFileType = file; path = "SF-Pro-Text-Bold.otf"; sourceTree = "<group>"; };
		5228DEC323E9C1E100D4F08B /* Background.png */ = {isa = PBXFileReference; lastKnownFileType = image.png; path = Background.png; sourceTree = "<group>"; };
		5228DEC523E9D6AB00D4F08B /* LoginViewController.swift */ = {isa = PBXFileReference; lastKnownFileType = sourcecode.swift; name = LoginViewController.swift; path = ../LoginViewController.swift; sourceTree = "<group>"; };
		5228DECA23E9DB1700D4F08B /* UIView.ext.swift */ = {isa = PBXFileReference; lastKnownFileType = sourcecode.swift; path = UIView.ext.swift; sourceTree = "<group>"; };
		5228DECC23E9E74E00D4F08B /* InputBox.swift */ = {isa = PBXFileReference; lastKnownFileType = sourcecode.swift; path = InputBox.swift; sourceTree = "<group>"; };
		5228DECE23E9F83200D4F08B /* MyButton.swift */ = {isa = PBXFileReference; lastKnownFileType = sourcecode.swift; path = MyButton.swift; sourceTree = "<group>"; };
		5248085823F5CE6700700620 /* MessageLeftCell.swift */ = {isa = PBXFileReference; lastKnownFileType = sourcecode.swift; path = MessageLeftCell.swift; sourceTree = "<group>"; };
		525691D823EB1D1B00DB09D9 /* uk */ = {isa = PBXFileReference; lastKnownFileType = text.plist.strings; name = uk; path = uk.lproj/Main.strings; sourceTree = "<group>"; };
		525691D923EB1D1B00DB09D9 /* uk */ = {isa = PBXFileReference; lastKnownFileType = text.plist.strings; name = uk; path = uk.lproj/LaunchScreen.strings; sourceTree = "<group>"; };
		525691DD23EB237100DB09D9 /* uk */ = {isa = PBXFileReference; lastKnownFileType = text.plist.strings; name = uk; path = uk.lproj/Localizable.strings; sourceTree = "<group>"; };
		525691DF23EB241000DB09D9 /* en */ = {isa = PBXFileReference; lastKnownFileType = text.plist.strings; name = en; path = en.lproj/Localizable.strings; sourceTree = "<group>"; };
		525691E023EB360700DB09D9 /* ChatViewController.swift */ = {isa = PBXFileReference; lastKnownFileType = sourcecode.swift; path = ChatViewController.swift; sourceTree = "<group>"; };
		525691E223EB443000DB09D9 /* Utils.swift */ = {isa = PBXFileReference; lastKnownFileType = sourcecode.swift; path = Utils.swift; sourceTree = "<group>"; };
		52731C5F23ECA6E2009A6C2A /* UIViewController.swift */ = {isa = PBXFileReference; lastKnownFileType = sourcecode.swift; path = UIViewController.swift; sourceTree = "<group>"; };
		5287030923FEA260004DB7EC /* Starscream.framework */ = {isa = PBXFileReference; lastKnownFileType = wrapper.framework; name = Starscream.framework; path = Carthage/Build/iOS/Starscream.framework; sourceTree = "<group>"; };
		529180C823F59C7100BD6751 /* UILabel.ext.swift */ = {isa = PBXFileReference; lastKnownFileType = sourcecode.swift; path = UILabel.ext.swift; sourceTree = "<group>"; };
		52924351240E7ADA00962773 /* SignUp2Helper.swift */ = {isa = PBXFileReference; lastKnownFileType = sourcecode.swift; path = SignUp2Helper.swift; sourceTree = "<group>"; };
		529B7C8A2403F75B00C32272 /* ChatTables.swift */ = {isa = PBXFileReference; lastKnownFileType = sourcecode.swift; path = ChatTables.swift; sourceTree = "<group>"; };
		529B7C8C2403F7F700C32272 /* SwiftyJSON.framework */ = {isa = PBXFileReference; lastKnownFileType = wrapper.framework; name = SwiftyJSON.framework; path = Carthage/Build/iOS/SwiftyJSON.framework; sourceTree = "<group>"; };
		529B7C912404005700C32272 /* ChatHelper.swift */ = {isa = PBXFileReference; lastKnownFileType = sourcecode.swift; path = ChatHelper.swift; sourceTree = "<group>"; };
		529C8D6423FEE419005B6A1C /* Microfutures.swift */ = {isa = PBXFileReference; lastKnownFileType = sourcecode.swift; path = Microfutures.swift; sourceTree = "<group>"; };
		52C9C4E6240D5601002B3953 /* UserData.swift */ = {isa = PBXFileReference; lastKnownFileType = sourcecode.swift; path = UserData.swift; sourceTree = "<group>"; };
		52DA96062407DD920060B432 /* SignUpViewController.swift */ = {isa = PBXFileReference; lastKnownFileType = sourcecode.swift; path = SignUpViewController.swift; sourceTree = "<group>"; };
		52DB60A92408516600EF4D46 /* KeywordStyle.swift */ = {isa = PBXFileReference; lastKnownFileType = sourcecode.swift; path = KeywordStyle.swift; sourceTree = "<group>"; };
		52E1EB9E23F46BCD008BA69E /* MessageRightCell.swift */ = {isa = PBXFileReference; lastKnownFileType = sourcecode.swift; path = MessageRightCell.swift; sourceTree = "<group>"; };
		52E1EBA023F473F8008BA69E /* Message.swift */ = {isa = PBXFileReference; lastKnownFileType = sourcecode.swift; path = Message.swift; sourceTree = "<group>"; };
		52E94DB323FE989400ABD416 /* Alamofire.framework */ = {isa = PBXFileReference; lastKnownFileType = wrapper.framework; path = Alamofire.framework; sourceTree = "<group>"; };
		52E94DB723FE98FB00ABD416 /* SwiftSocket.framework */ = {isa = PBXFileReference; lastKnownFileType = wrapper.framework; name = SwiftSocket.framework; path = Carthage/Build/iOS/SwiftSocket.framework; sourceTree = "<group>"; };
		52E94DB823FE98FB00ABD416 /* Alamofire.framework */ = {isa = PBXFileReference; lastKnownFileType = wrapper.framework; name = Alamofire.framework; path = Carthage/Build/iOS/Alamofire.framework; sourceTree = "<group>"; };
		52E94DBE23FE9EAA00ABD416 /* SocketIO.framework */ = {isa = PBXFileReference; lastKnownFileType = wrapper.framework; name = SocketIO.framework; path = Carthage/Build/iOS/SocketIO.framework; sourceTree = "<group>"; };
		52FF99E023FE92C9000758A6 /* Socket.swift */ = {isa = PBXFileReference; lastKnownFileType = sourcecode.swift; path = Socket.swift; sourceTree = "<group>"; };
		B27DD069B7C70D0AAAB9A897 /* Pods_crypto_chat.framework */ = {isa = PBXFileReference; explicitFileType = wrapper.framework; includeInIndex = 0; path = Pods_crypto_chat.framework; sourceTree = BUILT_PRODUCTS_DIR; };
		D3679EE945E128D810648400 /* Pods-crypto-chat.debug.xcconfig */ = {isa = PBXFileReference; includeInIndex = 1; lastKnownFileType = text.xcconfig; name = "Pods-crypto-chat.debug.xcconfig"; path = "Target Support Files/Pods-crypto-chat/Pods-crypto-chat.debug.xcconfig"; sourceTree = "<group>"; };
		E5E61724F7728D6D33303528 /* Pods-crypto-chat.release.xcconfig */ = {isa = PBXFileReference; includeInIndex = 1; lastKnownFileType = text.xcconfig; name = "Pods-crypto-chat.release.xcconfig"; path = "Target Support Files/Pods-crypto-chat/Pods-crypto-chat.release.xcconfig"; sourceTree = "<group>"; };
/* End PBXFileReference section */

/* Begin PBXFrameworksBuildPhase section */
		5228DE8723E9BC6A00D4F08B /* Frameworks */ = {
			isa = PBXFrameworksBuildPhase;
			buildActionMask = 2147483647;
			files = (
				0781141A6A825356B61DC018 /* Pods_crypto_chat.framework in Frameworks */,
				529C8D6823FEE5D0005B6A1C /* Starscream.framework in Frameworks */,
				529C8D6623FEE5D0005B6A1C /* Alamofire.framework in Frameworks */,
				52E94DBF23FE9EAA00ABD416 /* SocketIO.framework in Frameworks */,
				529B7C8D2403F7F700C32272 /* SwiftyJSON.framework in Frameworks */,
			);
			runOnlyForDeploymentPostprocessing = 0;
		};
		5228DE9D23E9BC6C00D4F08B /* Frameworks */ = {
			isa = PBXFrameworksBuildPhase;
			buildActionMask = 2147483647;
			files = (
			);
			runOnlyForDeploymentPostprocessing = 0;
		};
		5228DEA823E9BC6C00D4F08B /* Frameworks */ = {
			isa = PBXFrameworksBuildPhase;
			buildActionMask = 2147483647;
			files = (
			);
			runOnlyForDeploymentPostprocessing = 0;
		};
/* End PBXFrameworksBuildPhase section */

/* Begin PBXGroup section */
		4B769D74112AB9C43E9875D0 /* Frameworks */ = {
			isa = PBXGroup;
			children = (
				529B7C8C2403F7F700C32272 /* SwiftyJSON.framework */,
				5287030923FEA260004DB7EC /* Starscream.framework */,
				52E94DBE23FE9EAA00ABD416 /* SocketIO.framework */,
				52E94DB323FE989400ABD416 /* Alamofire.framework */,
				52E94DB823FE98FB00ABD416 /* Alamofire.framework */,
				52E94DB723FE98FB00ABD416 /* SwiftSocket.framework */,
				B27DD069B7C70D0AAAB9A897 /* Pods_crypto_chat.framework */,
			);
			name = Frameworks;
			sourceTree = "<group>";
		};
		5228DE8123E9BC6A00D4F08B = {
			isa = PBXGroup;
			children = (
				5228DE8C23E9BC6A00D4F08B /* crypto-chat */,
				5228DEA323E9BC6C00D4F08B /* crypto-chatTests */,
				5228DEAE23E9BC6C00D4F08B /* crypto-chatUITests */,
				5228DE8B23E9BC6A00D4F08B /* Products */,
				764DE826A94ABC44ADC6E730 /* Pods */,
				4B769D74112AB9C43E9875D0 /* Frameworks */,
			);
			sourceTree = "<group>";
		};
		5228DE8B23E9BC6A00D4F08B /* Products */ = {
			isa = PBXGroup;
			children = (
				5228DE8A23E9BC6A00D4F08B /* Crypto Chat.app */,
				5228DEA023E9BC6C00D4F08B /* crypto-chatTests.xctest */,
				5228DEAB23E9BC6C00D4F08B /* crypto-chatUITests.xctest */,
			);
			name = Products;
			sourceTree = "<group>";
		};
		5228DE8C23E9BC6A00D4F08B /* crypto-chat */ = {
			isa = PBXGroup;
			children = (
				52C9C4E3240D00BB002B3953 /* CustomElements */,
				527578EB2406BC1D00E60CB0 /* Objects */,
				52FF99DF23FE92B0000758A6 /* Services */,
				5228DEC223E9C1D200D4F08B /* Images */,
				5228DEBD23E9BFED00D4F08B /* Fonts */,
				5228DEC723E9DA5700D4F08B /* Extensions */,
				52731C5E23ECA377009A6C2A /* ViewControllers */,
				5228DE8D23E9BC6A00D4F08B /* AppDelegate.swift */,
				5228DE8F23E9BC6A00D4F08B /* SceneDelegate.swift */,
				5228DE9323E9BC6A00D4F08B /* Main.storyboard */,
				5228DE9623E9BC6C00D4F08B /* Assets.xcassets */,
				5228DE9823E9BC6C00D4F08B /* LaunchScreen.storyboard */,
				525691DE23EB237100DB09D9 /* Localizable.strings */,
				5228DE9B23E9BC6C00D4F08B /* Info.plist */,
			);
			path = "crypto-chat";
			sourceTree = "<group>";
		};
		5228DEA323E9BC6C00D4F08B /* crypto-chatTests */ = {
			isa = PBXGroup;
			children = (
				5228DEA423E9BC6C00D4F08B /* crypto_chatTests.swift */,
				5228DEA623E9BC6C00D4F08B /* Info.plist */,
			);
			path = "crypto-chatTests";
			sourceTree = "<group>";
		};
		5228DEAE23E9BC6C00D4F08B /* crypto-chatUITests */ = {
			isa = PBXGroup;
			children = (
				5228DEAF23E9BC6C00D4F08B /* crypto_chatUITests.swift */,
				5228DEB123E9BC6C00D4F08B /* Info.plist */,
			);
			path = "crypto-chatUITests";
			sourceTree = "<group>";
		};
		5228DEBD23E9BFED00D4F08B /* Fonts */ = {
			isa = PBXGroup;
			children = (
				5228DEBE23E9C05100D4F08B /* SF-Pro-Text-Regular.otf */,
				5225A4D123F2ACF500EB677B /* SF-Pro-Text-Semibold.otf */,
				5228DEBF23E9C05100D4F08B /* SF-Pro-Text-Bold.otf */,
			);
			path = Fonts;
			sourceTree = "<group>";
		};
		5228DEC223E9C1D200D4F08B /* Images */ = {
			isa = PBXGroup;
			children = (
				5228DEC323E9C1E100D4F08B /* Background.png */,
			);
			path = Images;
			sourceTree = "<group>";
		};
		5228DEC723E9DA5700D4F08B /* Extensions */ = {
			isa = PBXGroup;
			children = (
				5225A4D223F2B3DC00EB677B /* ChatCell.swift */,
				5225A4D623F2EBC800EB677B /* TableViewCell.ext.swift */,
				5225585B24082C9E00357C09 /* KeywordCell.swift */,
				52E1EB9E23F46BCD008BA69E /* MessageRightCell.swift */,
				5248085823F5CE6700700620 /* MessageLeftCell.swift */,
				5228DECA23E9DB1700D4F08B /* UIView.ext.swift */,
				52731C5F23ECA6E2009A6C2A /* UIViewController.swift */,
				525691E223EB443000DB09D9 /* Utils.swift */,
				529180C823F59C7100BD6751 /* UILabel.ext.swift */,
				529C8D6423FEE419005B6A1C /* Microfutures.swift */,
				52DB60A92408516600EF4D46 /* KeywordStyle.swift */,
			);
			path = Extensions;
			sourceTree = "<group>";
		};
		52731C5E23ECA377009A6C2A /* ViewControllers */ = {
			isa = PBXGroup;
			children = (
				5228DEC523E9D6AB00D4F08B /* LoginViewController.swift */,
				52DA96062407DD920060B432 /* SignUpViewController.swift */,
				522558572408182E00357C09 /* SignUp2ViewController.swift */,
				525691E023EB360700DB09D9 /* ChatViewController.swift */,
			);
			name = ViewControllers;
			sourceTree = "<group>";
		};
		527578EB2406BC1D00E60CB0 /* Objects */ = {
			isa = PBXGroup;
			children = (
				5225A4D423F2B53E00EB677B /* Chat.swift */,
				52E1EBA023F473F8008BA69E /* Message.swift */,
				52C9C4E6240D5601002B3953 /* UserData.swift */,
			);
			path = Objects;
			sourceTree = "<group>";
		};
		52C9C4E3240D00BB002B3953 /* CustomElements */ = {
			isa = PBXGroup;
			children = (
				5228DECC23E9E74E00D4F08B /* InputBox.swift */,
				5228DECE23E9F83200D4F08B /* MyButton.swift */,
			);
			path = CustomElements;
			sourceTree = "<group>";
		};
		52FF99DF23FE92B0000758A6 /* Services */ = {
			isa = PBXGroup;
			children = (
				52FF99E023FE92C9000758A6 /* Socket.swift */,
				529B7C8A2403F75B00C32272 /* ChatTables.swift */,
				529B7C912404005700C32272 /* ChatHelper.swift */,
				5225585924082A6B00357C09 /* SignUpHelper.swift */,
				52924351240E7ADA00962773 /* SignUp2Helper.swift */,
			);
			path = Services;
			sourceTree = "<group>";
		};
		764DE826A94ABC44ADC6E730 /* Pods */ = {
			isa = PBXGroup;
			children = (
				D3679EE945E128D810648400 /* Pods-crypto-chat.debug.xcconfig */,
				E5E61724F7728D6D33303528 /* Pods-crypto-chat.release.xcconfig */,
			);
			path = Pods;
			sourceTree = "<group>";
		};
/* End PBXGroup section */

/* Begin PBXNativeTarget section */
		5228DE8923E9BC6A00D4F08B /* crypto-chat */ = {
			isa = PBXNativeTarget;
			buildConfigurationList = 5228DEB423E9BC6C00D4F08B /* Build configuration list for PBXNativeTarget "crypto-chat" */;
			buildPhases = (
				C196F070600108A1152369CB /* [CP] Check Pods Manifest.lock */,
				5228DE8623E9BC6A00D4F08B /* Sources */,
				5228DE8723E9BC6A00D4F08B /* Frameworks */,
				5228DE8823E9BC6A00D4F08B /* Resources */,
				52E94DBD23FE98FB00ABD416 /* Embed Frameworks */,
				C89F9F4BF40B10C72B99EF8D /* [CP] Embed Pods Frameworks */,
			);
			buildRules = (
			);
			dependencies = (
			);
			name = "crypto-chat";
			productName = "crypto-chat";
			productReference = 5228DE8A23E9BC6A00D4F08B /* Crypto Chat.app */;
			productType = "com.apple.product-type.application";
		};
		5228DE9F23E9BC6C00D4F08B /* crypto-chatTests */ = {
			isa = PBXNativeTarget;
			buildConfigurationList = 5228DEB723E9BC6C00D4F08B /* Build configuration list for PBXNativeTarget "crypto-chatTests" */;
			buildPhases = (
				5228DE9C23E9BC6C00D4F08B /* Sources */,
				5228DE9D23E9BC6C00D4F08B /* Frameworks */,
				5228DE9E23E9BC6C00D4F08B /* Resources */,
			);
			buildRules = (
			);
			dependencies = (
				5228DEA223E9BC6C00D4F08B /* PBXTargetDependency */,
			);
			name = "crypto-chatTests";
			productName = "crypto-chatTests";
			productReference = 5228DEA023E9BC6C00D4F08B /* crypto-chatTests.xctest */;
			productType = "com.apple.product-type.bundle.unit-test";
		};
		5228DEAA23E9BC6C00D4F08B /* crypto-chatUITests */ = {
			isa = PBXNativeTarget;
			buildConfigurationList = 5228DEBA23E9BC6C00D4F08B /* Build configuration list for PBXNativeTarget "crypto-chatUITests" */;
			buildPhases = (
				5228DEA723E9BC6C00D4F08B /* Sources */,
				5228DEA823E9BC6C00D4F08B /* Frameworks */,
				5228DEA923E9BC6C00D4F08B /* Resources */,
			);
			buildRules = (
			);
			dependencies = (
				5228DEAD23E9BC6C00D4F08B /* PBXTargetDependency */,
			);
			name = "crypto-chatUITests";
			productName = "crypto-chatUITests";
			productReference = 5228DEAB23E9BC6C00D4F08B /* crypto-chatUITests.xctest */;
			productType = "com.apple.product-type.bundle.ui-testing";
		};
/* End PBXNativeTarget section */

/* Begin PBXProject section */
		5228DE8223E9BC6A00D4F08B /* Project object */ = {
			isa = PBXProject;
			attributes = {
				LastSwiftUpdateCheck = 1130;
				LastUpgradeCheck = 1130;
				ORGANIZATIONNAME = "Misha Kushka";
				TargetAttributes = {
					5228DE8923E9BC6A00D4F08B = {
						CreatedOnToolsVersion = 11.3.1;
					};
					5228DE9F23E9BC6C00D4F08B = {
						CreatedOnToolsVersion = 11.3.1;
						TestTargetID = 5228DE8923E9BC6A00D4F08B;
					};
					5228DEAA23E9BC6C00D4F08B = {
						CreatedOnToolsVersion = 11.3.1;
						TestTargetID = 5228DE8923E9BC6A00D4F08B;
					};
				};
			};
			buildConfigurationList = 5228DE8523E9BC6A00D4F08B /* Build configuration list for PBXProject "crypto-chat" */;
			compatibilityVersion = "Xcode 9.3";
			developmentRegion = en;
			hasScannedForEncodings = 0;
			knownRegions = (
				en,
				Base,
				uk,
			);
			mainGroup = 5228DE8123E9BC6A00D4F08B;
			productRefGroup = 5228DE8B23E9BC6A00D4F08B /* Products */;
			projectDirPath = "";
			projectRoot = "";
			targets = (
				5228DE8923E9BC6A00D4F08B /* crypto-chat */,
				5228DE9F23E9BC6C00D4F08B /* crypto-chatTests */,
				5228DEAA23E9BC6C00D4F08B /* crypto-chatUITests */,
			);
		};
/* End PBXProject section */

/* Begin PBXResourcesBuildPhase section */
		5228DE8823E9BC6A00D4F08B /* Resources */ = {
			isa = PBXResourcesBuildPhase;
			buildActionMask = 2147483647;
			files = (
				5228DE9A23E9BC6C00D4F08B /* LaunchScreen.storyboard in Resources */,
				5228DEC123E9C05100D4F08B /* SF-Pro-Text-Bold.otf in Resources */,
				5228DE9723E9BC6C00D4F08B /* Assets.xcassets in Resources */,
				525691DC23EB237100DB09D9 /* Localizable.strings in Resources */,
				5228DEC423E9C1E100D4F08B /* Background.png in Resources */,
				5228DEC023E9C05100D4F08B /* SF-Pro-Text-Regular.otf in Resources */,
				5228DE9523E9BC6A00D4F08B /* Main.storyboard in Resources */,
			);
			runOnlyForDeploymentPostprocessing = 0;
		};
		5228DE9E23E9BC6C00D4F08B /* Resources */ = {
			isa = PBXResourcesBuildPhase;
			buildActionMask = 2147483647;
			files = (
			);
			runOnlyForDeploymentPostprocessing = 0;
		};
		5228DEA923E9BC6C00D4F08B /* Resources */ = {
			isa = PBXResourcesBuildPhase;
			buildActionMask = 2147483647;
			files = (
			);
			runOnlyForDeploymentPostprocessing = 0;
		};
/* End PBXResourcesBuildPhase section */

/* Begin PBXShellScriptBuildPhase section */
		C196F070600108A1152369CB /* [CP] Check Pods Manifest.lock */ = {
			isa = PBXShellScriptBuildPhase;
			buildActionMask = 2147483647;
			files = (
			);
			inputFileListPaths = (
			);
			inputPaths = (
				"${PODS_PODFILE_DIR_PATH}/Podfile.lock",
				"${PODS_ROOT}/Manifest.lock",
			);
			name = "[CP] Check Pods Manifest.lock";
			outputFileListPaths = (
			);
			outputPaths = (
				"$(DERIVED_FILE_DIR)/Pods-crypto-chat-checkManifestLockResult.txt",
			);
			runOnlyForDeploymentPostprocessing = 0;
			shellPath = /bin/sh;
			shellScript = "diff \"${PODS_PODFILE_DIR_PATH}/Podfile.lock\" \"${PODS_ROOT}/Manifest.lock\" > /dev/null\nif [ $? != 0 ] ; then\n    # print error to STDERR\n    echo \"error: The sandbox is not in sync with the Podfile.lock. Run 'pod install' or update your CocoaPods installation.\" >&2\n    exit 1\nfi\n# This output is used by Xcode 'outputs' to avoid re-running this script phase.\necho \"SUCCESS\" > \"${SCRIPT_OUTPUT_FILE_0}\"\n";
			showEnvVarsInLog = 0;
		};
		C89F9F4BF40B10C72B99EF8D /* [CP] Embed Pods Frameworks */ = {
			isa = PBXShellScriptBuildPhase;
			buildActionMask = 2147483647;
			files = (
			);
			inputFileListPaths = (
				"${PODS_ROOT}/Target Support Files/Pods-crypto-chat/Pods-crypto-chat-frameworks-${CONFIGURATION}-input-files.xcfilelist",
			);
			name = "[CP] Embed Pods Frameworks";
			outputFileListPaths = (
				"${PODS_ROOT}/Target Support Files/Pods-crypto-chat/Pods-crypto-chat-frameworks-${CONFIGURATION}-output-files.xcfilelist",
			);
			runOnlyForDeploymentPostprocessing = 0;
			shellPath = /bin/sh;
			shellScript = "\"${PODS_ROOT}/Target Support Files/Pods-crypto-chat/Pods-crypto-chat-frameworks.sh\"\n";
			showEnvVarsInLog = 0;
		};
/* End PBXShellScriptBuildPhase section */

/* Begin PBXSourcesBuildPhase section */
		5228DE8623E9BC6A00D4F08B /* Sources */ = {
			isa = PBXSourcesBuildPhase;
			buildActionMask = 2147483647;
			files = (
				529B7C922404005700C32272 /* ChatHelper.swift in Sources */,
				52FF99E123FE92C9000758A6 /* Socket.swift in Sources */,
				5248085923F5CE6700700620 /* MessageLeftCell.swift in Sources */,
				5225A4D323F2B3DC00EB677B /* ChatCell.swift in Sources */,
				5225A4D723F2EBC800EB677B /* TableViewCell.ext.swift in Sources */,
				5228DEC623E9D6AB00D4F08B /* LoginViewController.swift in Sources */,
				529C8D6523FEE419005B6A1C /* Microfutures.swift in Sources */,
				522558582408182E00357C09 /* SignUp2ViewController.swift in Sources */,
				5228DECB23E9DB1700D4F08B /* UIView.ext.swift in Sources */,
				529180C923F59C7100BD6751 /* UILabel.ext.swift in Sources */,
				52E1EB9F23F46BCD008BA69E /* MessageRightCell.swift in Sources */,
				52C9C4E7240D5601002B3953 /* UserData.swift in Sources */,
				525691E323EB443000DB09D9 /* Utils.swift in Sources */,
				5228DE8E23E9BC6A00D4F08B /* AppDelegate.swift in Sources */,
				52731C6023ECA6E2009A6C2A /* UIViewController.swift in Sources */,
				529B7C8B2403F75B00C32272 /* ChatTables.swift in Sources */,
				5228DE9023E9BC6A00D4F08B /* SceneDelegate.swift in Sources */,
				5225585A24082A6B00357C09 /* SignUpHelper.swift in Sources */,
				52DB60AA2408516600EF4D46 /* KeywordStyle.swift in Sources */,
				5225585C24082C9E00357C09 /* KeywordCell.swift in Sources */,
				52DA96072407DD920060B432 /* SignUpViewController.swift in Sources */,
				5228DECD23E9E74E00D4F08B /* InputBox.swift in Sources */,
				52924352240E7ADA00962773 /* SignUp2Helper.swift in Sources */,
				5225A4D523F2B53E00EB677B /* Chat.swift in Sources */,
				525691E123EB360700DB09D9 /* ChatViewController.swift in Sources */,
				5228DECF23E9F83200D4F08B /* MyButton.swift in Sources */,
				52E1EBA123F473F8008BA69E /* Message.swift in Sources */,
			);
			runOnlyForDeploymentPostprocessing = 0;
		};
		5228DE9C23E9BC6C00D4F08B /* Sources */ = {
			isa = PBXSourcesBuildPhase;
			buildActionMask = 2147483647;
			files = (
				5228DEA523E9BC6C00D4F08B /* crypto_chatTests.swift in Sources */,
			);
			runOnlyForDeploymentPostprocessing = 0;
		};
		5228DEA723E9BC6C00D4F08B /* Sources */ = {
			isa = PBXSourcesBuildPhase;
			buildActionMask = 2147483647;
			files = (
				5228DEB023E9BC6C00D4F08B /* crypto_chatUITests.swift in Sources */,
			);
			runOnlyForDeploymentPostprocessing = 0;
		};
/* End PBXSourcesBuildPhase section */

/* Begin PBXTargetDependency section */
		5228DEA223E9BC6C00D4F08B /* PBXTargetDependency */ = {
			isa = PBXTargetDependency;
			target = 5228DE8923E9BC6A00D4F08B /* crypto-chat */;
			targetProxy = 5228DEA123E9BC6C00D4F08B /* PBXContainerItemProxy */;
		};
		5228DEAD23E9BC6C00D4F08B /* PBXTargetDependency */ = {
			isa = PBXTargetDependency;
			target = 5228DE8923E9BC6A00D4F08B /* crypto-chat */;
			targetProxy = 5228DEAC23E9BC6C00D4F08B /* PBXContainerItemProxy */;
		};
/* End PBXTargetDependency section */

/* Begin PBXVariantGroup section */
		5228DE9323E9BC6A00D4F08B /* Main.storyboard */ = {
			isa = PBXVariantGroup;
			children = (
				5228DE9423E9BC6A00D4F08B /* Base */,
				525691D823EB1D1B00DB09D9 /* uk */,
			);
			name = Main.storyboard;
			sourceTree = "<group>";
		};
		5228DE9823E9BC6C00D4F08B /* LaunchScreen.storyboard */ = {
			isa = PBXVariantGroup;
			children = (
				5228DE9923E9BC6C00D4F08B /* Base */,
				525691D923EB1D1B00DB09D9 /* uk */,
			);
			name = LaunchScreen.storyboard;
			sourceTree = "<group>";
		};
		525691DE23EB237100DB09D9 /* Localizable.strings */ = {
			isa = PBXVariantGroup;
			children = (
				525691DD23EB237100DB09D9 /* uk */,
				525691DF23EB241000DB09D9 /* en */,
			);
			name = Localizable.strings;
			sourceTree = "<group>";
		};
/* End PBXVariantGroup section */

/* Begin XCBuildConfiguration section */
		5228DEB223E9BC6C00D4F08B /* Debug */ = {
			isa = XCBuildConfiguration;
			buildSettings = {
				ALWAYS_SEARCH_USER_PATHS = NO;
				CLANG_ANALYZER_LOCALIZABILITY_NONLOCALIZED = YES;
				CLANG_ANALYZER_NONNULL = YES;
				CLANG_ANALYZER_NUMBER_OBJECT_CONVERSION = YES_AGGRESSIVE;
				CLANG_CXX_LANGUAGE_STANDARD = "gnu++14";
				CLANG_CXX_LIBRARY = "libc++";
				CLANG_ENABLE_MODULES = YES;
				CLANG_ENABLE_OBJC_ARC = YES;
				CLANG_ENABLE_OBJC_WEAK = YES;
				CLANG_WARN_BLOCK_CAPTURE_AUTORELEASING = YES;
				CLANG_WARN_BOOL_CONVERSION = YES;
				CLANG_WARN_COMMA = YES;
				CLANG_WARN_CONSTANT_CONVERSION = YES;
				CLANG_WARN_DEPRECATED_OBJC_IMPLEMENTATIONS = YES;
				CLANG_WARN_DIRECT_OBJC_ISA_USAGE = YES_ERROR;
				CLANG_WARN_DOCUMENTATION_COMMENTS = YES;
				CLANG_WARN_EMPTY_BODY = YES;
				CLANG_WARN_ENUM_CONVERSION = YES;
				CLANG_WARN_INFINITE_RECURSION = YES;
				CLANG_WARN_INT_CONVERSION = YES;
				CLANG_WARN_NON_LITERAL_NULL_CONVERSION = YES;
				CLANG_WARN_OBJC_IMPLICIT_RETAIN_SELF = YES;
				CLANG_WARN_OBJC_LITERAL_CONVERSION = YES;
				CLANG_WARN_OBJC_ROOT_CLASS = YES_ERROR;
				CLANG_WARN_RANGE_LOOP_ANALYSIS = YES;
				CLANG_WARN_STRICT_PROTOTYPES = YES;
				CLANG_WARN_SUSPICIOUS_MOVE = YES;
				CLANG_WARN_UNGUARDED_AVAILABILITY = YES_AGGRESSIVE;
				CLANG_WARN_UNREACHABLE_CODE = YES;
				CLANG_WARN__DUPLICATE_METHOD_MATCH = YES;
				COPY_PHASE_STRIP = NO;
				DEBUG_INFORMATION_FORMAT = dwarf;
				ENABLE_STRICT_OBJC_MSGSEND = YES;
				ENABLE_TESTABILITY = YES;
				GCC_C_LANGUAGE_STANDARD = gnu11;
				GCC_DYNAMIC_NO_PIC = NO;
				GCC_NO_COMMON_BLOCKS = YES;
				GCC_OPTIMIZATION_LEVEL = 0;
				GCC_PREPROCESSOR_DEFINITIONS = (
					"DEBUG=1",
					"$(inherited)",
				);
				GCC_WARN_64_TO_32_BIT_CONVERSION = YES;
				GCC_WARN_ABOUT_RETURN_TYPE = YES_ERROR;
				GCC_WARN_UNDECLARED_SELECTOR = YES;
				GCC_WARN_UNINITIALIZED_AUTOS = YES_AGGRESSIVE;
				GCC_WARN_UNUSED_FUNCTION = YES;
				GCC_WARN_UNUSED_VARIABLE = YES;
				IPHONEOS_DEPLOYMENT_TARGET = 13.2;
				MTL_ENABLE_DEBUG_INFO = INCLUDE_SOURCE;
				MTL_FAST_MATH = YES;
				ONLY_ACTIVE_ARCH = YES;
				SDKROOT = iphoneos;
				SWIFT_ACTIVE_COMPILATION_CONDITIONS = DEBUG;
				SWIFT_OPTIMIZATION_LEVEL = "-Onone";
			};
			name = Debug;
		};
		5228DEB323E9BC6C00D4F08B /* Release */ = {
			isa = XCBuildConfiguration;
			buildSettings = {
				ALWAYS_SEARCH_USER_PATHS = NO;
				CLANG_ANALYZER_LOCALIZABILITY_NONLOCALIZED = YES;
				CLANG_ANALYZER_NONNULL = YES;
				CLANG_ANALYZER_NUMBER_OBJECT_CONVERSION = YES_AGGRESSIVE;
				CLANG_CXX_LANGUAGE_STANDARD = "gnu++14";
				CLANG_CXX_LIBRARY = "libc++";
				CLANG_ENABLE_MODULES = YES;
				CLANG_ENABLE_OBJC_ARC = YES;
				CLANG_ENABLE_OBJC_WEAK = YES;
				CLANG_WARN_BLOCK_CAPTURE_AUTORELEASING = YES;
				CLANG_WARN_BOOL_CONVERSION = YES;
				CLANG_WARN_COMMA = YES;
				CLANG_WARN_CONSTANT_CONVERSION = YES;
				CLANG_WARN_DEPRECATED_OBJC_IMPLEMENTATIONS = YES;
				CLANG_WARN_DIRECT_OBJC_ISA_USAGE = YES_ERROR;
				CLANG_WARN_DOCUMENTATION_COMMENTS = YES;
				CLANG_WARN_EMPTY_BODY = YES;
				CLANG_WARN_ENUM_CONVERSION = YES;
				CLANG_WARN_INFINITE_RECURSION = YES;
				CLANG_WARN_INT_CONVERSION = YES;
				CLANG_WARN_NON_LITERAL_NULL_CONVERSION = YES;
				CLANG_WARN_OBJC_IMPLICIT_RETAIN_SELF = YES;
				CLANG_WARN_OBJC_LITERAL_CONVERSION = YES;
				CLANG_WARN_OBJC_ROOT_CLASS = YES_ERROR;
				CLANG_WARN_RANGE_LOOP_ANALYSIS = YES;
				CLANG_WARN_STRICT_PROTOTYPES = YES;
				CLANG_WARN_SUSPICIOUS_MOVE = YES;
				CLANG_WARN_UNGUARDED_AVAILABILITY = YES_AGGRESSIVE;
				CLANG_WARN_UNREACHABLE_CODE = YES;
				CLANG_WARN__DUPLICATE_METHOD_MATCH = YES;
				COPY_PHASE_STRIP = NO;
				DEBUG_INFORMATION_FORMAT = "dwarf-with-dsym";
				ENABLE_NS_ASSERTIONS = NO;
				ENABLE_STRICT_OBJC_MSGSEND = YES;
				GCC_C_LANGUAGE_STANDARD = gnu11;
				GCC_NO_COMMON_BLOCKS = YES;
				GCC_WARN_64_TO_32_BIT_CONVERSION = YES;
				GCC_WARN_ABOUT_RETURN_TYPE = YES_ERROR;
				GCC_WARN_UNDECLARED_SELECTOR = YES;
				GCC_WARN_UNINITIALIZED_AUTOS = YES_AGGRESSIVE;
				GCC_WARN_UNUSED_FUNCTION = YES;
				GCC_WARN_UNUSED_VARIABLE = YES;
				IPHONEOS_DEPLOYMENT_TARGET = 13.2;
				MTL_ENABLE_DEBUG_INFO = NO;
				MTL_FAST_MATH = YES;
				SDKROOT = iphoneos;
				SWIFT_COMPILATION_MODE = wholemodule;
				SWIFT_OPTIMIZATION_LEVEL = "-O";
				VALIDATE_PRODUCT = YES;
			};
			name = Release;
		};
		5228DEB523E9BC6C00D4F08B /* Debug */ = {
			isa = XCBuildConfiguration;
			baseConfigurationReference = D3679EE945E128D810648400 /* Pods-crypto-chat.debug.xcconfig */;
			buildSettings = {
				ASSETCATALOG_COMPILER_APPICON_NAME = AppIcon;
				CODE_SIGN_STYLE = Automatic;
				DEVELOPMENT_TEAM = 9P5NG74SNG;
				FRAMEWORK_SEARCH_PATHS = (
					"$(inherited)",
					"$(PROJECT_DIR)",
					"$(PROJECT_DIR)/Carthage/Build/iOS",
				);
				INFOPLIST_FILE = "crypto-chat/Info.plist";
				LD_RUNPATH_SEARCH_PATHS = (
					"$(inherited)",
					"@executable_path/Frameworks",
				);
				PRODUCT_BUNDLE_IDENTIFIER = "Misha-Kushka.crypto-chat";
				PRODUCT_NAME = "Crypto Chat";
				SWIFT_VERSION = 5.0;
				TARGETED_DEVICE_FAMILY = 2;
			};
			name = Debug;
		};
		5228DEB623E9BC6C00D4F08B /* Release */ = {
			isa = XCBuildConfiguration;
			baseConfigurationReference = E5E61724F7728D6D33303528 /* Pods-crypto-chat.release.xcconfig */;
			buildSettings = {
				ASSETCATALOG_COMPILER_APPICON_NAME = AppIcon;
				CODE_SIGN_STYLE = Automatic;
				DEVELOPMENT_TEAM = 9P5NG74SNG;
				FRAMEWORK_SEARCH_PATHS = (
					"$(inherited)",
					"$(PROJECT_DIR)",
					"$(PROJECT_DIR)/Carthage/Build/iOS",
				);
				INFOPLIST_FILE = "crypto-chat/Info.plist";
				LD_RUNPATH_SEARCH_PATHS = (
					"$(inherited)",
					"@executable_path/Frameworks",
				);
				PRODUCT_BUNDLE_IDENTIFIER = "Misha-Kushka.crypto-chat";
				PRODUCT_NAME = "Crypto Chat";
				SWIFT_VERSION = 5.0;
				TARGETED_DEVICE_FAMILY = 2;
			};
			name = Release;
		};
		5228DEB823E9BC6C00D4F08B /* Debug */ = {
			isa = XCBuildConfiguration;
			buildSettings = {
				ALWAYS_EMBED_SWIFT_STANDARD_LIBRARIES = YES;
				BUNDLE_LOADER = "$(TEST_HOST)";
				CODE_SIGN_STYLE = Automatic;
				DEVELOPMENT_TEAM = 9P5NG74SNG;
				INFOPLIST_FILE = "crypto-chatTests/Info.plist";
				IPHONEOS_DEPLOYMENT_TARGET = 13.2;
				LD_RUNPATH_SEARCH_PATHS = (
					"$(inherited)",
					"@executable_path/Frameworks",
					"@loader_path/Frameworks",
				);
				PRODUCT_BUNDLE_IDENTIFIER = "Misha-Kushka.crypto-chatTests";
				PRODUCT_NAME = "$(TARGET_NAME)";
				SWIFT_VERSION = 5.0;
				TARGETED_DEVICE_FAMILY = "1,2";
				TEST_HOST = "$(BUILT_PRODUCTS_DIR)/crypto-chat.app/crypto-chat";
			};
			name = Debug;
		};
		5228DEB923E9BC6C00D4F08B /* Release */ = {
			isa = XCBuildConfiguration;
			buildSettings = {
				ALWAYS_EMBED_SWIFT_STANDARD_LIBRARIES = YES;
				BUNDLE_LOADER = "$(TEST_HOST)";
				CODE_SIGN_STYLE = Automatic;
				DEVELOPMENT_TEAM = 9P5NG74SNG;
				INFOPLIST_FILE = "crypto-chatTests/Info.plist";
				IPHONEOS_DEPLOYMENT_TARGET = 13.2;
				LD_RUNPATH_SEARCH_PATHS = (
					"$(inherited)",
					"@executable_path/Frameworks",
					"@loader_path/Frameworks",
				);
				PRODUCT_BUNDLE_IDENTIFIER = "Misha-Kushka.crypto-chatTests";
				PRODUCT_NAME = "$(TARGET_NAME)";
				SWIFT_VERSION = 5.0;
				TARGETED_DEVICE_FAMILY = "1,2";
				TEST_HOST = "$(BUILT_PRODUCTS_DIR)/crypto-chat.app/crypto-chat";
			};
			name = Release;
		};
		5228DEBB23E9BC6C00D4F08B /* Debug */ = {
			isa = XCBuildConfiguration;
			buildSettings = {
				ALWAYS_EMBED_SWIFT_STANDARD_LIBRARIES = YES;
				CODE_SIGN_STYLE = Automatic;
				DEVELOPMENT_TEAM = 9P5NG74SNG;
				INFOPLIST_FILE = "crypto-chatUITests/Info.plist";
				LD_RUNPATH_SEARCH_PATHS = (
					"$(inherited)",
					"@executable_path/Frameworks",
					"@loader_path/Frameworks",
				);
				PRODUCT_BUNDLE_IDENTIFIER = "Misha-Kushka.crypto-chatUITests";
				PRODUCT_NAME = "$(TARGET_NAME)";
				SWIFT_VERSION = 5.0;
				TARGETED_DEVICE_FAMILY = "1,2";
				TEST_TARGET_NAME = "crypto-chat";
			};
			name = Debug;
		};
		5228DEBC23E9BC6C00D4F08B /* Release */ = {
			isa = XCBuildConfiguration;
			buildSettings = {
				ALWAYS_EMBED_SWIFT_STANDARD_LIBRARIES = YES;
				CODE_SIGN_STYLE = Automatic;
				DEVELOPMENT_TEAM = 9P5NG74SNG;
				INFOPLIST_FILE = "crypto-chatUITests/Info.plist";
				LD_RUNPATH_SEARCH_PATHS = (
					"$(inherited)",
					"@executable_path/Frameworks",
					"@loader_path/Frameworks",
				);
				PRODUCT_BUNDLE_IDENTIFIER = "Misha-Kushka.crypto-chatUITests";
				PRODUCT_NAME = "$(TARGET_NAME)";
				SWIFT_VERSION = 5.0;
				TARGETED_DEVICE_FAMILY = "1,2";
				TEST_TARGET_NAME = "crypto-chat";
			};
			name = Release;
		};
/* End XCBuildConfiguration section */

/* Begin XCConfigurationList section */
		5228DE8523E9BC6A00D4F08B /* Build configuration list for PBXProject "crypto-chat" */ = {
			isa = XCConfigurationList;
			buildConfigurations = (
				5228DEB223E9BC6C00D4F08B /* Debug */,
				5228DEB323E9BC6C00D4F08B /* Release */,
			);
			defaultConfigurationIsVisible = 0;
			defaultConfigurationName = Release;
		};
		5228DEB423E9BC6C00D4F08B /* Build configuration list for PBXNativeTarget "crypto-chat" */ = {
			isa = XCConfigurationList;
			buildConfigurations = (
				5228DEB523E9BC6C00D4F08B /* Debug */,
				5228DEB623E9BC6C00D4F08B /* Release */,
			);
			defaultConfigurationIsVisible = 0;
			defaultConfigurationName = Release;
		};
		5228DEB723E9BC6C00D4F08B /* Build configuration list for PBXNativeTarget "crypto-chatTests" */ = {
			isa = XCConfigurationList;
			buildConfigurations = (
				5228DEB823E9BC6C00D4F08B /* Debug */,
				5228DEB923E9BC6C00D4F08B /* Release */,
			);
			defaultConfigurationIsVisible = 0;
			defaultConfigurationName = Release;
		};
		5228DEBA23E9BC6C00D4F08B /* Build configuration list for PBXNativeTarget "crypto-chatUITests" */ = {
			isa = XCConfigurationList;
			buildConfigurations = (
				5228DEBB23E9BC6C00D4F08B /* Debug */,
				5228DEBC23E9BC6C00D4F08B /* Release */,
			);
			defaultConfigurationIsVisible = 0;
			defaultConfigurationName = Release;
		};
/* End XCConfigurationList section */
	};
	rootObject = 5228DE8223E9BC6A00D4F08B /* Project object */;
}
